
Microsoft Visual Studio Solution File, Format Version 12.00
# Visual Studio 15
VisualStudioVersion = 15.0.26124.0
MinimumVisualStudioVersion = 15.0.26124.0
Project("{2150E333-8FDC-42A3-9474-1A3956D46DE8}") = "src", "src", "{186F6B73-F2A4-4435-B3EE-27D069F39337}"
EndProject
Project("{2150E333-8FDC-42A3-9474-1A3956D46DE8}") = "Presentation", "Presentation", "{ACFD6B2A-D4BB-4CC0-B672-ACE87AD6BB8B}"
EndProject
Project("{FAE04EC0-301F-11D3-BF4B-00C04F79EFBC}") = "ExampleEmptyProjectDDD.UI.Web", "src\Presentation\ExampleEmptyProjectDDD.UI.Web\ExampleEmptyProjectDDD.UI.Web.csproj", "{CDE08637-14F6-446B-B7C6-D7B206DB9459}"
EndProject
Project("{2150E333-8FDC-42A3-9474-1A3956D46DE8}") = "Services", "Services", "{1170C94D-927E-4EDB-B003-7A7CC31CF3B4}"
EndProject
Project("{FAE04EC0-301F-11D3-BF4B-00C04F79EFBC}") = "ExampleEmptyProjectDDD.Service.API", "src\Services\ExampleEmptyProjectDDD.Service.API\ExampleEmptyProjectDDD.Service.API.csproj", "{479B5E09-3839-44D9-B8D5-53FD98B24998}"
EndProject
Project("{FAE04EC0-301F-11D3-BF4B-00C04F79EFBC}") = "ExampleEmptyProjectDDD.Service.gRPC", "src\Services\ExampleEmptyProjectDDD.Service.gRPC\ExampleEmptyProjectDDD.Service.gRPC.csproj", "{79DDD108-2842-44D4-9D0B-BCD09599EE45}"
EndProject
Project("{2150E333-8FDC-42A3-9474-1A3956D46DE8}") = "Application", "Application", "{A09FBFAD-DDD1-4B69-BBF5-7540102C92DF}"
EndProject
Project("{FAE04EC0-301F-11D3-BF4B-00C04F79EFBC}") = "ExampleEmptyProjectDDD.Application", "src\Application\ExampleEmptyProjectDDD.Application\ExampleEmptyProjectDDD.Application.csproj", "{42EFBCB6-6D03-4E85-8314-F026F15A24F2}"
EndProject
Project("{2150E333-8FDC-42A3-9474-1A3956D46DE8}") = "Domain", "Domain", "{92912E98-8C67-483C-A2E5-37D522DA125A}"
EndProject
Project("{FAE04EC0-301F-11D3-BF4B-00C04F79EFBC}") = "ExampleEmptyProjectDDD.Domain", "src\Domain\ExampleEmptyProjectDDD.Domain\ExampleEmptyProjectDDD.Domain.csproj", "{95C40BA4-6C71-490F-AD1F-F86DE8640EE5}"
EndProject
Project("{2150E333-8FDC-42A3-9474-1A3956D46DE8}") = "Infra", "Infra", "{2CCF52A9-A32C-44C8-B143-B5440B39B5B7}"
EndProject
Project("{FAE04EC0-301F-11D3-BF4B-00C04F79EFBC}") = "ExampleEmptyProjectDDD.Infra.Data", "src\Infra\ExampleEmptyProjectDDD.Infra.Data\ExampleEmptyProjectDDD.Infra.Data.csproj", "{37F01634-3B66-4AC1-9D13-22BC7295AD4A}"
EndProject
Project("{FAE04EC0-301F-11D3-BF4B-00C04F79EFBC}") = "ExampleEmptyProjectDDD.Infra.CrossCutting", "src\Infra\ExampleEmptyProjectDDD.Infra.CrossCutting\ExampleEmptyProjectDDD.Infra.CrossCutting.csproj", "{11B01D77-4B29-427C-94EF-71B9F7C56C9E}"
EndProject
Global
	GlobalSection(SolutionConfigurationPlatforms) = preSolution
		Debug|Any CPU = Debug|Any CPU
		Debug|x64 = Debug|x64
		Debug|x86 = Debug|x86
		Release|Any CPU = Release|Any CPU
		Release|x64 = Release|x64
		Release|x86 = Release|x86
	EndGlobalSection
	GlobalSection(SolutionProperties) = preSolution
		HideSolutionNode = FALSE
	EndGlobalSection
	GlobalSection(ProjectConfigurationPlatforms) = postSolution
		{CDE08637-14F6-446B-B7C6-D7B206DB9459}.Debug|Any CPU.ActiveCfg = Debug|Any CPU
		{CDE08637-14F6-446B-B7C6-D7B206DB9459}.Debug|Any CPU.Build.0 = Debug|Any CPU
		{CDE08637-14F6-446B-B7C6-D7B206DB9459}.Debug|x64.ActiveCfg = Debug|Any CPU
		{CDE08637-14F6-446B-B7C6-D7B206DB9459}.Debug|x64.Build.0 = Debug|Any CPU
		{CDE08637-14F6-446B-B7C6-D7B206DB9459}.Debug|x86.ActiveCfg = Debug|Any CPU
		{CDE08637-14F6-446B-B7C6-D7B206DB9459}.Debug|x86.Build.0 = Debug|Any CPU
		{CDE08637-14F6-446B-B7C6-D7B206DB9459}.Release|Any CPU.ActiveCfg = Release|Any CPU
		{CDE08637-14F6-446B-B7C6-D7B206DB9459}.Release|Any CPU.Build.0 = Release|Any CPU
		{CDE08637-14F6-446B-B7C6-D7B206DB9459}.Release|x64.ActiveCfg = Release|Any CPU
		{CDE08637-14F6-446B-B7C6-D7B206DB9459}.Release|x64.Build.0 = Release|Any CPU
		{CDE08637-14F6-446B-B7C6-D7B206DB9459}.Release|x86.ActiveCfg = Release|Any CPU
		{CDE08637-14F6-446B-B7C6-D7B206DB9459}.Release|x86.Build.0 = Release|Any CPU
		{479B5E09-3839-44D9-B8D5-53FD98B24998}.Debug|Any CPU.ActiveCfg = Debug|Any CPU
		{479B5E09-3839-44D9-B8D5-53FD98B24998}.Debug|Any CPU.Build.0 = Debug|Any CPU
		{479B5E09-3839-44D9-B8D5-53FD98B24998}.Debug|x64.ActiveCfg = Debug|Any CPU
		{479B5E09-3839-44D9-B8D5-53FD98B24998}.Debug|x64.Build.0 = Debug|Any CPU
		{479B5E09-3839-44D9-B8D5-53FD98B24998}.Debug|x86.ActiveCfg = Debug|Any CPU
		{479B5E09-3839-44D9-B8D5-53FD98B24998}.Debug|x86.Build.0 = Debug|Any CPU
		{479B5E09-3839-44D9-B8D5-53FD98B24998}.Release|Any CPU.ActiveCfg = Release|Any CPU
		{479B5E09-3839-44D9-B8D5-53FD98B24998}.Release|Any CPU.Build.0 = Release|Any CPU
		{479B5E09-3839-44D9-B8D5-53FD98B24998}.Release|x64.ActiveCfg = Release|Any CPU
		{479B5E09-3839-44D9-B8D5-53FD98B24998}.Release|x64.Build.0 = Release|Any CPU
		{479B5E09-3839-44D9-B8D5-53FD98B24998}.Release|x86.ActiveCfg = Release|Any CPU
		{479B5E09-3839-44D9-B8D5-53FD98B24998}.Release|x86.Build.0 = Release|Any CPU
		{79DDD108-2842-44D4-9D0B-BCD09599EE45}.Debug|Any CPU.ActiveCfg = Debug|Any CPU
		{79DDD108-2842-44D4-9D0B-BCD09599EE45}.Debug|Any CPU.Build.0 = Debug|Any CPU
		{79DDD108-2842-44D4-9D0B-BCD09599EE45}.Debug|x64.ActiveCfg = Debug|Any CPU
		{79DDD108-2842-44D4-9D0B-BCD09599EE45}.Debug|x64.Build.0 = Debug|Any CPU
		{79DDD108-2842-44D4-9D0B-BCD09599EE45}.Debug|x86.ActiveCfg = Debug|Any CPU
		{79DDD108-2842-44D4-9D0B-BCD09599EE45}.Debug|x86.Build.0 = Debug|Any CPU
		{79DDD108-2842-44D4-9D0B-BCD09599EE45}.Release|Any CPU.ActiveCfg = Release|Any CPU
		{79DDD108-2842-44D4-9D0B-BCD09599EE45}.Release|Any CPU.Build.0 = Release|Any CPU
		{79DDD108-2842-44D4-9D0B-BCD09599EE45}.Release|x64.ActiveCfg = Release|Any CPU
		{79DDD108-2842-44D4-9D0B-BCD09599EE45}.Release|x64.Build.0 = Release|Any CPU
		{79DDD108-2842-44D4-9D0B-BCD09599EE45}.Release|x86.ActiveCfg = Release|Any CPU
		{79DDD108-2842-44D4-9D0B-BCD09599EE45}.Release|x86.Build.0 = Release|Any CPU
		{42EFBCB6-6D03-4E85-8314-F026F15A24F2}.Debug|Any CPU.ActiveCfg = Debug|Any CPU
		{42EFBCB6-6D03-4E85-8314-F026F15A24F2}.Debug|Any CPU.Build.0 = Debug|Any CPU
		{42EFBCB6-6D03-4E85-8314-F026F15A24F2}.Debug|x64.ActiveCfg = Debug|Any CPU
		{42EFBCB6-6D03-4E85-8314-F026F15A24F2}.Debug|x64.Build.0 = Debug|Any CPU
		{42EFBCB6-6D03-4E85-8314-F026F15A24F2}.Debug|x86.ActiveCfg = Debug|Any CPU
		{42EFBCB6-6D03-4E85-8314-F026F15A24F2}.Debug|x86.Build.0 = Debug|Any CPU
		{42EFBCB6-6D03-4E85-8314-F026F15A24F2}.Release|Any CPU.ActiveCfg = Release|Any CPU
		{42EFBCB6-6D03-4E85-8314-F026F15A24F2}.Release|Any CPU.Build.0 = Release|Any CPU
		{42EFBCB6-6D03-4E85-8314-F026F15A24F2}.Release|x64.ActiveCfg = Release|Any CPU
		{42EFBCB6-6D03-4E85-8314-F026F15A24F2}.Release|x64.Build.0 = Release|Any CPU
		{42EFBCB6-6D03-4E85-8314-F026F15A24F2}.Release|x86.ActiveCfg = Release|Any CPU
		{42EFBCB6-6D03-4E85-8314-F026F15A24F2}.Release|x86.Build.0 = Release|Any CPU
		{95C40BA4-6C71-490F-AD1F-F86DE8640EE5}.Debug|Any CPU.ActiveCfg = Debug|Any CPU
		{95C40BA4-6C71-490F-AD1F-F86DE8640EE5}.Debug|Any CPU.Build.0 = Debug|Any CPU
		{95C40BA4-6C71-490F-AD1F-F86DE8640EE5}.Debug|x64.ActiveCfg = Debug|Any CPU
		{95C40BA4-6C71-490F-AD1F-F86DE8640EE5}.Debug|x64.Build.0 = Debug|Any CPU
		{95C40BA4-6C71-490F-AD1F-F86DE8640EE5}.Debug|x86.ActiveCfg = Debug|Any CPU
		{95C40BA4-6C71-490F-AD1F-F86DE8640EE5}.Debug|x86.Build.0 = Debug|Any CPU
		{95C40BA4-6C71-490F-AD1F-F86DE8640EE5}.Release|Any CPU.ActiveCfg = Release|Any CPU
		{95C40BA4-6C71-490F-AD1F-F86DE8640EE5}.Release|Any CPU.Build.0 = Release|Any CPU
		{95C40BA4-6C71-490F-AD1F-F86DE8640EE5}.Release|x64.ActiveCfg = Release|Any CPU
		{95C40BA4-6C71-490F-AD1F-F86DE8640EE5}.Release|x64.Build.0 = Release|Any CPU
		{95C40BA4-6C71-490F-AD1F-F86DE8640EE5}.Release|x86.ActiveCfg = Release|Any CPU
		{95C40BA4-6C71-490F-AD1F-F86DE8640EE5}.Release|x86.Build.0 = Release|Any CPU
		{37F01634-3B66-4AC1-9D13-22BC7295AD4A}.Debug|Any CPU.ActiveCfg = Debug|Any CPU
		{37F01634-3B66-4AC1-9D13-22BC7295AD4A}.Debug|Any CPU.Build.0 = Debug|Any CPU
		{37F01634-3B66-4AC1-9D13-22BC7295AD4A}.Debug|x64.ActiveCfg = Debug|Any CPU
		{37F01634-3B66-4AC1-9D13-22BC7295AD4A}.Debug|x64.Build.0 = Debug|Any CPU
		{37F01634-3B66-4AC1-9D13-22BC7295AD4A}.Debug|x86.ActiveCfg = Debug|Any CPU
		{37F01634-3B66-4AC1-9D13-22BC7295AD4A}.Debug|x86.Build.0 = Debug|Any CPU
		{37F01634-3B66-4AC1-9D13-22BC7295AD4A}.Release|Any CPU.ActiveCfg = Release|Any CPU
		{37F01634-3B66-4AC1-9D13-22BC7295AD4A}.Release|Any CPU.Build.0 = Release|Any CPU
		{37F01634-3B66-4AC1-9D13-22BC7295AD4A}.Release|x64.ActiveCfg = Release|Any CPU
		{37F01634-3B66-4AC1-9D13-22BC7295AD4A}.Release|x64.Build.0 = Release|Any CPU
		{37F01634-3B66-4AC1-9D13-22BC7295AD4A}.Release|x86.ActiveCfg = Release|Any CPU
		{37F01634-3B66-4AC1-9D13-22BC7295AD4A}.Release|x86.Build.0 = Release|Any CPU
		{11B01D77-4B29-427C-94EF-71B9F7C56C9E}.Debug|Any CPU.ActiveCfg = Debug|Any CPU
		{11B01D77-4B29-427C-94EF-71B9F7C56C9E}.Debug|Any CPU.Build.0 = Debug|Any CPU
		{11B01D77-4B29-427C-94EF-71B9F7C56C9E}.Debug|x64.ActiveCfg = Debug|Any CPU
		{11B01D77-4B29-427C-94EF-71B9F7C56C9E}.Debug|x64.Build.0 = Debug|Any CPU
		{11B01D77-4B29-427C-94EF-71B9F7C56C9E}.Debug|x86.ActiveCfg = Debug|Any CPU
		{11B01D77-4B29-427C-94EF-71B9F7C56C9E}.Debug|x86.Build.0 = Debug|Any CPU
		{11B01D77-4B29-427C-94EF-71B9F7C56C9E}.Release|Any CPU.ActiveCfg = Release|Any CPU
		{11B01D77-4B29-427C-94EF-71B9F7C56C9E}.Release|Any CPU.Build.0 = Release|Any CPU
		{11B01D77-4B29-427C-94EF-71B9F7C56C9E}.Release|x64.ActiveCfg = Release|Any CPU
		{11B01D77-4B29-427C-94EF-71B9F7C56C9E}.Release|x64.Build.0 = Release|Any CPU
		{11B01D77-4B29-427C-94EF-71B9F7C56C9E}.Release|x86.ActiveCfg = Release|Any CPU
		{11B01D77-4B29-427C-94EF-71B9F7C56C9E}.Release|x86.Build.0 = Release|Any CPU
	EndGlobalSection
	GlobalSection(NestedProjects) = preSolution
		{ACFD6B2A-D4BB-4CC0-B672-ACE87AD6BB8B} = {186F6B73-F2A4-4435-B3EE-27D069F39337}
		{CDE08637-14F6-446B-B7C6-D7B206DB9459} = {ACFD6B2A-D4BB-4CC0-B672-ACE87AD6BB8B}
		{1170C94D-927E-4EDB-B003-7A7CC31CF3B4} = {186F6B73-F2A4-4435-B3EE-27D069F39337}
		{479B5E09-3839-44D9-B8D5-53FD98B24998} = {1170C94D-927E-4EDB-B003-7A7CC31CF3B4}
		{79DDD108-2842-44D4-9D0B-BCD09599EE45} = {1170C94D-927E-4EDB-B003-7A7CC31CF3B4}
		{A09FBFAD-DDD1-4B69-BBF5-7540102C92DF} = {186F6B73-F2A4-4435-B3EE-27D069F39337}
		{42EFBCB6-6D03-4E85-8314-F026F15A24F2} = {A09FBFAD-DDD1-4B69-BBF5-7540102C92DF}
		{92912E98-8C67-483C-A2E5-37D522DA125A} = {186F6B73-F2A4-4435-B3EE-27D069F39337}
		{95C40BA4-6C71-490F-AD1F-F86DE8640EE5} = {92912E98-8C67-483C-A2E5-37D522DA125A}
		{2CCF52A9-A32C-44C8-B143-B5440B39B5B7} = {186F6B73-F2A4-4435-B3EE-27D069F39337}
		{37F01634-3B66-4AC1-9D13-22BC7295AD4A} = {2CCF52A9-A32C-44C8-B143-B5440B39B5B7}
		{11B01D77-4B29-427C-94EF-71B9F7C56C9E} = {2CCF52A9-A32C-44C8-B143-B5440B39B5B7}
	EndGlobalSection
EndGlobal
