
Microsoft Visual Studio Solution File, Format Version 12.00
# Visual Studio 15
VisualStudioVersion = 15.0.26124.0
MinimumVisualStudioVersion = 15.0.26124.0
Project("{2150E333-8FDC-42A3-9474-1A3956D46DE8}") = "src", "src", "{F053E10C-66BA-445C-BCCD-2B6054E3842E}"
EndProject
Project("{2150E333-8FDC-42A3-9474-1A3956D46DE8}") = "Presentation", "Presentation", "{EB5C73AA-0BB7-4BD1-8889-AA767D048344}"
EndProject
Project("{FAE04EC0-301F-11D3-BF4B-00C04F79EFBC}") = "ExampleEmptyProjectDDD.UI.Web", "src\Presentation\ExampleEmptyProjectDDD.UI.Web\ExampleEmptyProjectDDD.UI.Web.csproj", "{DACF31AA-01E8-4FB9-ACF6-A70222E6DD85}"
EndProject
Project("{2150E333-8FDC-42A3-9474-1A3956D46DE8}") = "Services", "Services", "{2BA38B9C-CD34-4727-B4C6-FE0282F05FAF}"
EndProject
Project("{FAE04EC0-301F-11D3-BF4B-00C04F79EFBC}") = "ExampleEmptyProjectDDD.Service.API", "src\Services\ExampleEmptyProjectDDD.Service.API\ExampleEmptyProjectDDD.Service.API.csproj", "{9102F4D6-5B9E-4312-9D4B-2E64625155D7}"
EndProject
Project("{FAE04EC0-301F-11D3-BF4B-00C04F79EFBC}") = "ExampleEmptyProjectDDD.Service.gRPC", "src\Services\ExampleEmptyProjectDDD.Service.gRPC\ExampleEmptyProjectDDD.Service.gRPC.csproj", "{2703B770-FBB3-430C-8D28-BC956086F1F7}"
EndProject
Project("{2150E333-8FDC-42A3-9474-1A3956D46DE8}") = "Application", "Application", "{7326979F-4192-4CD7-9E69-84575E3DB2ED}"
EndProject
Project("{FAE04EC0-301F-11D3-BF4B-00C04F79EFBC}") = "ExampleEmptyProjectDDD.Application", "src\Application\ExampleEmptyProjectDDD.Application\ExampleEmptyProjectDDD.Application.csproj", "{A050DC27-2DE2-47E9-9870-53AAD69A06BC}"
EndProject
Project("{2150E333-8FDC-42A3-9474-1A3956D46DE8}") = "Domain", "Domain", "{37629E9E-CA1B-4641-B97E-53E3FDA322F7}"
EndProject
Project("{FAE04EC0-301F-11D3-BF4B-00C04F79EFBC}") = "ExampleEmptyProjectDDD.Domain", "src\Domain\ExampleEmptyProjectDDD.Domain\ExampleEmptyProjectDDD.Domain.csproj", "{DED585DC-A3E8-4ECA-94DF-CB6195DCA544}"
EndProject
Project("{2150E333-8FDC-42A3-9474-1A3956D46DE8}") = "Infra", "Infra", "{46934EC1-5798-4623-97B4-16C8BA3AF668}"
EndProject
Project("{FAE04EC0-301F-11D3-BF4B-00C04F79EFBC}") = "ExampleEmptyProjectDDD.Infra.Data", "src\Infra\ExampleEmptyProjectDDD.Infra.Data\ExampleEmptyProjectDDD.Infra.Data.csproj", "{2EAE8B7E-1D0A-46F1-A053-690F93646BEC}"
EndProject
Project("{FAE04EC0-301F-11D3-BF4B-00C04F79EFBC}") = "ExampleEmptyProjectDDD.Infra.CrossCutting", "src\Infra\ExampleEmptyProjectDDD.Infra.CrossCutting\ExampleEmptyProjectDDD.Infra.CrossCutting.csproj", "{AFDCB67C-FD0C-4A33-A9E8-F9CE56AFD56E}"
EndProject
Global
	GlobalSection(SolutionConfigurationPlatforms) = preSolution
		Debug|Any CPU = Debug|Any CPU
		Debug|x64 = Debug|x64
		Debug|x86 = Debug|x86
		Release|Any CPU = Release|Any CPU
		Release|x64 = Release|x64
		Release|x86 = Release|x86
	EndGlobalSection
	GlobalSection(SolutionProperties) = preSolution
		HideSolutionNode = FALSE
	EndGlobalSection
	GlobalSection(ProjectConfigurationPlatforms) = postSolution
		{DACF31AA-01E8-4FB9-ACF6-A70222E6DD85}.Debug|Any CPU.ActiveCfg = Debug|Any CPU
		{DACF31AA-01E8-4FB9-ACF6-A70222E6DD85}.Debug|Any CPU.Build.0 = Debug|Any CPU
		{DACF31AA-01E8-4FB9-ACF6-A70222E6DD85}.Debug|x64.ActiveCfg = Debug|Any CPU
		{DACF31AA-01E8-4FB9-ACF6-A70222E6DD85}.Debug|x64.Build.0 = Debug|Any CPU
		{DACF31AA-01E8-4FB9-ACF6-A70222E6DD85}.Debug|x86.ActiveCfg = Debug|Any CPU
		{DACF31AA-01E8-4FB9-ACF6-A70222E6DD85}.Debug|x86.Build.0 = Debug|Any CPU
		{DACF31AA-01E8-4FB9-ACF6-A70222E6DD85}.Release|Any CPU.ActiveCfg = Release|Any CPU
		{DACF31AA-01E8-4FB9-ACF6-A70222E6DD85}.Release|Any CPU.Build.0 = Release|Any CPU
		{DACF31AA-01E8-4FB9-ACF6-A70222E6DD85}.Release|x64.ActiveCfg = Release|Any CPU
		{DACF31AA-01E8-4FB9-ACF6-A70222E6DD85}.Release|x64.Build.0 = Release|Any CPU
		{DACF31AA-01E8-4FB9-ACF6-A70222E6DD85}.Release|x86.ActiveCfg = Release|Any CPU
		{DACF31AA-01E8-4FB9-ACF6-A70222E6DD85}.Release|x86.Build.0 = Release|Any CPU
		{9102F4D6-5B9E-4312-9D4B-2E64625155D7}.Debug|Any CPU.ActiveCfg = Debug|Any CPU
		{9102F4D6-5B9E-4312-9D4B-2E64625155D7}.Debug|Any CPU.Build.0 = Debug|Any CPU
		{9102F4D6-5B9E-4312-9D4B-2E64625155D7}.Debug|x64.ActiveCfg = Debug|Any CPU
		{9102F4D6-5B9E-4312-9D4B-2E64625155D7}.Debug|x64.Build.0 = Debug|Any CPU
		{9102F4D6-5B9E-4312-9D4B-2E64625155D7}.Debug|x86.ActiveCfg = Debug|Any CPU
		{9102F4D6-5B9E-4312-9D4B-2E64625155D7}.Debug|x86.Build.0 = Debug|Any CPU
		{9102F4D6-5B9E-4312-9D4B-2E64625155D7}.Release|Any CPU.ActiveCfg = Release|Any CPU
		{9102F4D6-5B9E-4312-9D4B-2E64625155D7}.Release|Any CPU.Build.0 = Release|Any CPU
		{9102F4D6-5B9E-4312-9D4B-2E64625155D7}.Release|x64.ActiveCfg = Release|Any CPU
		{9102F4D6-5B9E-4312-9D4B-2E64625155D7}.Release|x64.Build.0 = Release|Any CPU
		{9102F4D6-5B9E-4312-9D4B-2E64625155D7}.Release|x86.ActiveCfg = Release|Any CPU
		{9102F4D6-5B9E-4312-9D4B-2E64625155D7}.Release|x86.Build.0 = Release|Any CPU
		{2703B770-FBB3-430C-8D28-BC956086F1F7}.Debug|Any CPU.ActiveCfg = Debug|Any CPU
		{2703B770-FBB3-430C-8D28-BC956086F1F7}.Debug|Any CPU.Build.0 = Debug|Any CPU
		{2703B770-FBB3-430C-8D28-BC956086F1F7}.Debug|x64.ActiveCfg = Debug|Any CPU
		{2703B770-FBB3-430C-8D28-BC956086F1F7}.Debug|x64.Build.0 = Debug|Any CPU
		{2703B770-FBB3-430C-8D28-BC956086F1F7}.Debug|x86.ActiveCfg = Debug|Any CPU
		{2703B770-FBB3-430C-8D28-BC956086F1F7}.Debug|x86.Build.0 = Debug|Any CPU
		{2703B770-FBB3-430C-8D28-BC956086F1F7}.Release|Any CPU.ActiveCfg = Release|Any CPU
		{2703B770-FBB3-430C-8D28-BC956086F1F7}.Release|Any CPU.Build.0 = Release|Any CPU
		{2703B770-FBB3-430C-8D28-BC956086F1F7}.Release|x64.ActiveCfg = Release|Any CPU
		{2703B770-FBB3-430C-8D28-BC956086F1F7}.Release|x64.Build.0 = Release|Any CPU
		{2703B770-FBB3-430C-8D28-BC956086F1F7}.Release|x86.ActiveCfg = Release|Any CPU
		{2703B770-FBB3-430C-8D28-BC956086F1F7}.Release|x86.Build.0 = Release|Any CPU
		{A050DC27-2DE2-47E9-9870-53AAD69A06BC}.Debug|Any CPU.ActiveCfg = Debug|Any CPU
		{A050DC27-2DE2-47E9-9870-53AAD69A06BC}.Debug|Any CPU.Build.0 = Debug|Any CPU
		{A050DC27-2DE2-47E9-9870-53AAD69A06BC}.Debug|x64.ActiveCfg = Debug|Any CPU
		{A050DC27-2DE2-47E9-9870-53AAD69A06BC}.Debug|x64.Build.0 = Debug|Any CPU
		{A050DC27-2DE2-47E9-9870-53AAD69A06BC}.Debug|x86.ActiveCfg = Debug|Any CPU
		{A050DC27-2DE2-47E9-9870-53AAD69A06BC}.Debug|x86.Build.0 = Debug|Any CPU
		{A050DC27-2DE2-47E9-9870-53AAD69A06BC}.Release|Any CPU.ActiveCfg = Release|Any CPU
		{A050DC27-2DE2-47E9-9870-53AAD69A06BC}.Release|Any CPU.Build.0 = Release|Any CPU
		{A050DC27-2DE2-47E9-9870-53AAD69A06BC}.Release|x64.ActiveCfg = Release|Any CPU
		{A050DC27-2DE2-47E9-9870-53AAD69A06BC}.Release|x64.Build.0 = Release|Any CPU
		{A050DC27-2DE2-47E9-9870-53AAD69A06BC}.Release|x86.ActiveCfg = Release|Any CPU
		{A050DC27-2DE2-47E9-9870-53AAD69A06BC}.Release|x86.Build.0 = Release|Any CPU
		{DED585DC-A3E8-4ECA-94DF-CB6195DCA544}.Debug|Any CPU.ActiveCfg = Debug|Any CPU
		{DED585DC-A3E8-4ECA-94DF-CB6195DCA544}.Debug|Any CPU.Build.0 = Debug|Any CPU
		{DED585DC-A3E8-4ECA-94DF-CB6195DCA544}.Debug|x64.ActiveCfg = Debug|Any CPU
		{DED585DC-A3E8-4ECA-94DF-CB6195DCA544}.Debug|x64.Build.0 = Debug|Any CPU
		{DED585DC-A3E8-4ECA-94DF-CB6195DCA544}.Debug|x86.ActiveCfg = Debug|Any CPU
		{DED585DC-A3E8-4ECA-94DF-CB6195DCA544}.Debug|x86.Build.0 = Debug|Any CPU
		{DED585DC-A3E8-4ECA-94DF-CB6195DCA544}.Release|Any CPU.ActiveCfg = Release|Any CPU
		{DED585DC-A3E8-4ECA-94DF-CB6195DCA544}.Release|Any CPU.Build.0 = Release|Any CPU
		{DED585DC-A3E8-4ECA-94DF-CB6195DCA544}.Release|x64.ActiveCfg = Release|Any CPU
		{DED585DC-A3E8-4ECA-94DF-CB6195DCA544}.Release|x64.Build.0 = Release|Any CPU
		{DED585DC-A3E8-4ECA-94DF-CB6195DCA544}.Release|x86.ActiveCfg = Release|Any CPU
		{DED585DC-A3E8-4ECA-94DF-CB6195DCA544}.Release|x86.Build.0 = Release|Any CPU
		{2EAE8B7E-1D0A-46F1-A053-690F93646BEC}.Debug|Any CPU.ActiveCfg = Debug|Any CPU
		{2EAE8B7E-1D0A-46F1-A053-690F93646BEC}.Debug|Any CPU.Build.0 = Debug|Any CPU
		{2EAE8B7E-1D0A-46F1-A053-690F93646BEC}.Debug|x64.ActiveCfg = Debug|Any CPU
		{2EAE8B7E-1D0A-46F1-A053-690F93646BEC}.Debug|x64.Build.0 = Debug|Any CPU
		{2EAE8B7E-1D0A-46F1-A053-690F93646BEC}.Debug|x86.ActiveCfg = Debug|Any CPU
		{2EAE8B7E-1D0A-46F1-A053-690F93646BEC}.Debug|x86.Build.0 = Debug|Any CPU
		{2EAE8B7E-1D0A-46F1-A053-690F93646BEC}.Release|Any CPU.ActiveCfg = Release|Any CPU
		{2EAE8B7E-1D0A-46F1-A053-690F93646BEC}.Release|Any CPU.Build.0 = Release|Any CPU
		{2EAE8B7E-1D0A-46F1-A053-690F93646BEC}.Release|x64.ActiveCfg = Release|Any CPU
		{2EAE8B7E-1D0A-46F1-A053-690F93646BEC}.Release|x64.Build.0 = Release|Any CPU
		{2EAE8B7E-1D0A-46F1-A053-690F93646BEC}.Release|x86.ActiveCfg = Release|Any CPU
		{2EAE8B7E-1D0A-46F1-A053-690F93646BEC}.Release|x86.Build.0 = Release|Any CPU
		{AFDCB67C-FD0C-4A33-A9E8-F9CE56AFD56E}.Debug|Any CPU.ActiveCfg = Debug|Any CPU
		{AFDCB67C-FD0C-4A33-A9E8-F9CE56AFD56E}.Debug|Any CPU.Build.0 = Debug|Any CPU
		{AFDCB67C-FD0C-4A33-A9E8-F9CE56AFD56E}.Debug|x64.ActiveCfg = Debug|Any CPU
		{AFDCB67C-FD0C-4A33-A9E8-F9CE56AFD56E}.Debug|x64.Build.0 = Debug|Any CPU
		{AFDCB67C-FD0C-4A33-A9E8-F9CE56AFD56E}.Debug|x86.ActiveCfg = Debug|Any CPU
		{AFDCB67C-FD0C-4A33-A9E8-F9CE56AFD56E}.Debug|x86.Build.0 = Debug|Any CPU
		{AFDCB67C-FD0C-4A33-A9E8-F9CE56AFD56E}.Release|Any CPU.ActiveCfg = Release|Any CPU
		{AFDCB67C-FD0C-4A33-A9E8-F9CE56AFD56E}.Release|Any CPU.Build.0 = Release|Any CPU
		{AFDCB67C-FD0C-4A33-A9E8-F9CE56AFD56E}.Release|x64.ActiveCfg = Release|Any CPU
		{AFDCB67C-FD0C-4A33-A9E8-F9CE56AFD56E}.Release|x64.Build.0 = Release|Any CPU
		{AFDCB67C-FD0C-4A33-A9E8-F9CE56AFD56E}.Release|x86.ActiveCfg = Release|Any CPU
		{AFDCB67C-FD0C-4A33-A9E8-F9CE56AFD56E}.Release|x86.Build.0 = Release|Any CPU
	EndGlobalSection
	GlobalSection(NestedProjects) = preSolution
		{EB5C73AA-0BB7-4BD1-8889-AA767D048344} = {F053E10C-66BA-445C-BCCD-2B6054E3842E}
		{DACF31AA-01E8-4FB9-ACF6-A70222E6DD85} = {EB5C73AA-0BB7-4BD1-8889-AA767D048344}
		{2BA38B9C-CD34-4727-B4C6-FE0282F05FAF} = {F053E10C-66BA-445C-BCCD-2B6054E3842E}
		{9102F4D6-5B9E-4312-9D4B-2E64625155D7} = {2BA38B9C-CD34-4727-B4C6-FE0282F05FAF}
		{2703B770-FBB3-430C-8D28-BC956086F1F7} = {2BA38B9C-CD34-4727-B4C6-FE0282F05FAF}
		{7326979F-4192-4CD7-9E69-84575E3DB2ED} = {F053E10C-66BA-445C-BCCD-2B6054E3842E}
		{A050DC27-2DE2-47E9-9870-53AAD69A06BC} = {7326979F-4192-4CD7-9E69-84575E3DB2ED}
		{37629E9E-CA1B-4641-B97E-53E3FDA322F7} = {F053E10C-66BA-445C-BCCD-2B6054E3842E}
		{DED585DC-A3E8-4ECA-94DF-CB6195DCA544} = {37629E9E-CA1B-4641-B97E-53E3FDA322F7}
		{46934EC1-5798-4623-97B4-16C8BA3AF668} = {F053E10C-66BA-445C-BCCD-2B6054E3842E}
		{2EAE8B7E-1D0A-46F1-A053-690F93646BEC} = {46934EC1-5798-4623-97B4-16C8BA3AF668}
		{AFDCB67C-FD0C-4A33-A9E8-F9CE56AFD56E} = {46934EC1-5798-4623-97B4-16C8BA3AF668}
	EndGlobalSection
EndGlobal
