
Microsoft Visual Studio Solution File, Format Version 12.00
# Visual Studio 15
VisualStudioVersion = 15.0.26124.0
MinimumVisualStudioVersion = 15.0.26124.0
Project("{2150E333-8FDC-42A3-9474-1A3956D46DE8}") = "1 - Presentation", "1 - Presentation", "{E3117374-49FA-484F-A3E9-91F4D7F38EE6}"
EndProject
Project("{FAE04EC0-301F-11D3-BF4B-00C04F79EFBC}") = "ExampleEmptyProjectDDD.UI.Web", "src\Presentation\ExampleEmptyProjectDDD.UI.Web\ExampleEmptyProjectDDD.UI.Web.csproj", "{B1E9B580-2DDC-455B-A2AC-A19B5A5873F4}"
EndProject
Project("{2150E333-8FDC-42A3-9474-1A3956D46DE8}") = "2 - Services", "2 - Services", "{7103EDF8-E94C-4761-B1C6-4F30D4F039EB}"
EndProject
Project("{FAE04EC0-301F-11D3-BF4B-00C04F79EFBC}") = "ExampleEmptyProjectDDD.Service.API", "src\Services\ExampleEmptyProjectDDD.Service.API\ExampleEmptyProjectDDD.Service.API.csproj", "{052221F9-3378-409E-815C-ED3148BDA6F9}"
EndProject
Project("{FAE04EC0-301F-11D3-BF4B-00C04F79EFBC}") = "ExampleEmptyProjectDDD.Service.gRPC", "src\Services\ExampleEmptyProjectDDD.Service.gRPC\ExampleEmptyProjectDDD.Service.gRPC.csproj", "{0866AC8D-20FC-4F1D-87F0-C092163B683D}"
EndProject
Project("{2150E333-8FDC-42A3-9474-1A3956D46DE8}") = "3 - Application", "3 - Application", "{153B4189-0DE2-4ED4-8F98-9FF3623B8C80}"
EndProject
Project("{FAE04EC0-301F-11D3-BF4B-00C04F79EFBC}") = "ExampleEmptyProjectDDD.Application", "src\Application\ExampleEmptyProjectDDD.Application\ExampleEmptyProjectDDD.Application.csproj", "{5905DC96-483B-4C9E-B3BC-3124C476B05B}"
EndProject
Project("{2150E333-8FDC-42A3-9474-1A3956D46DE8}") = "4 - Domain", "4 - Domain", "{4620894B-D28B-4D8D-9EE0-03D11E3FB619}"
EndProject
Project("{FAE04EC0-301F-11D3-BF4B-00C04F79EFBC}") = "ExampleEmptyProjectDDD.Domain", "src\Domain\ExampleEmptyProjectDDD.Domain\ExampleEmptyProjectDDD.Domain.csproj", "{2A12C11B-05BE-4BB4-8422-ABFF18669EBA}"
EndProject
Project("{2150E333-8FDC-42A3-9474-1A3956D46DE8}") = "5 - Infra", "5 - Infra", "{3C643F21-48CD-4B9C-B3EC-ABB9283EEFFE}"
EndProject
Project("{FAE04EC0-301F-11D3-BF4B-00C04F79EFBC}") = "ExampleEmptyProjectDDD.Infra.Data", "src\Infra\ExampleEmptyProjectDDD.Infra.Data\ExampleEmptyProjectDDD.Infra.Data.csproj", "{4C8819CA-DAAC-438B-B0FE-498DFC224B38}"
EndProject
Project("{FAE04EC0-301F-11D3-BF4B-00C04F79EFBC}") = "ExampleEmptyProjectDDD.Infra.CrossCutting", "src\Infra\ExampleEmptyProjectDDD.Infra.CrossCutting\ExampleEmptyProjectDDD.Infra.CrossCutting.csproj", "{87689EA1-D1CA-4591-8347-5161AB7E807B}"
EndProject
Global
	GlobalSection(SolutionConfigurationPlatforms) = preSolution
		Debug|Any CPU = Debug|Any CPU
		Debug|x64 = Debug|x64
		Debug|x86 = Debug|x86
		Release|Any CPU = Release|Any CPU
		Release|x64 = Release|x64
		Release|x86 = Release|x86
	EndGlobalSection
	GlobalSection(SolutionProperties) = preSolution
		HideSolutionNode = FALSE
	EndGlobalSection
	GlobalSection(ProjectConfigurationPlatforms) = postSolution
		{B1E9B580-2DDC-455B-A2AC-A19B5A5873F4}.Debug|Any CPU.ActiveCfg = Debug|Any CPU
		{B1E9B580-2DDC-455B-A2AC-A19B5A5873F4}.Debug|Any CPU.Build.0 = Debug|Any CPU
		{B1E9B580-2DDC-455B-A2AC-A19B5A5873F4}.Debug|x64.ActiveCfg = Debug|Any CPU
		{B1E9B580-2DDC-455B-A2AC-A19B5A5873F4}.Debug|x64.Build.0 = Debug|Any CPU
		{B1E9B580-2DDC-455B-A2AC-A19B5A5873F4}.Debug|x86.ActiveCfg = Debug|Any CPU
		{B1E9B580-2DDC-455B-A2AC-A19B5A5873F4}.Debug|x86.Build.0 = Debug|Any CPU
		{B1E9B580-2DDC-455B-A2AC-A19B5A5873F4}.Release|Any CPU.ActiveCfg = Release|Any CPU
		{B1E9B580-2DDC-455B-A2AC-A19B5A5873F4}.Release|Any CPU.Build.0 = Release|Any CPU
		{B1E9B580-2DDC-455B-A2AC-A19B5A5873F4}.Release|x64.ActiveCfg = Release|Any CPU
		{B1E9B580-2DDC-455B-A2AC-A19B5A5873F4}.Release|x64.Build.0 = Release|Any CPU
		{B1E9B580-2DDC-455B-A2AC-A19B5A5873F4}.Release|x86.ActiveCfg = Release|Any CPU
		{B1E9B580-2DDC-455B-A2AC-A19B5A5873F4}.Release|x86.Build.0 = Release|Any CPU
		{052221F9-3378-409E-815C-ED3148BDA6F9}.Debug|Any CPU.ActiveCfg = Debug|Any CPU
		{052221F9-3378-409E-815C-ED3148BDA6F9}.Debug|Any CPU.Build.0 = Debug|Any CPU
		{052221F9-3378-409E-815C-ED3148BDA6F9}.Debug|x64.ActiveCfg = Debug|Any CPU
		{052221F9-3378-409E-815C-ED3148BDA6F9}.Debug|x64.Build.0 = Debug|Any CPU
		{052221F9-3378-409E-815C-ED3148BDA6F9}.Debug|x86.ActiveCfg = Debug|Any CPU
		{052221F9-3378-409E-815C-ED3148BDA6F9}.Debug|x86.Build.0 = Debug|Any CPU
		{052221F9-3378-409E-815C-ED3148BDA6F9}.Release|Any CPU.ActiveCfg = Release|Any CPU
		{052221F9-3378-409E-815C-ED3148BDA6F9}.Release|Any CPU.Build.0 = Release|Any CPU
		{052221F9-3378-409E-815C-ED3148BDA6F9}.Release|x64.ActiveCfg = Release|Any CPU
		{052221F9-3378-409E-815C-ED3148BDA6F9}.Release|x64.Build.0 = Release|Any CPU
		{052221F9-3378-409E-815C-ED3148BDA6F9}.Release|x86.ActiveCfg = Release|Any CPU
		{052221F9-3378-409E-815C-ED3148BDA6F9}.Release|x86.Build.0 = Release|Any CPU
		{0866AC8D-20FC-4F1D-87F0-C092163B683D}.Debug|Any CPU.ActiveCfg = Debug|Any CPU
		{0866AC8D-20FC-4F1D-87F0-C092163B683D}.Debug|Any CPU.Build.0 = Debug|Any CPU
		{0866AC8D-20FC-4F1D-87F0-C092163B683D}.Debug|x64.ActiveCfg = Debug|Any CPU
		{0866AC8D-20FC-4F1D-87F0-C092163B683D}.Debug|x64.Build.0 = Debug|Any CPU
		{0866AC8D-20FC-4F1D-87F0-C092163B683D}.Debug|x86.ActiveCfg = Debug|Any CPU
		{0866AC8D-20FC-4F1D-87F0-C092163B683D}.Debug|x86.Build.0 = Debug|Any CPU
		{0866AC8D-20FC-4F1D-87F0-C092163B683D}.Release|Any CPU.ActiveCfg = Release|Any CPU
		{0866AC8D-20FC-4F1D-87F0-C092163B683D}.Release|Any CPU.Build.0 = Release|Any CPU
		{0866AC8D-20FC-4F1D-87F0-C092163B683D}.Release|x64.ActiveCfg = Release|Any CPU
		{0866AC8D-20FC-4F1D-87F0-C092163B683D}.Release|x64.Build.0 = Release|Any CPU
		{0866AC8D-20FC-4F1D-87F0-C092163B683D}.Release|x86.ActiveCfg = Release|Any CPU
		{0866AC8D-20FC-4F1D-87F0-C092163B683D}.Release|x86.Build.0 = Release|Any CPU
		{5905DC96-483B-4C9E-B3BC-3124C476B05B}.Debug|Any CPU.ActiveCfg = Debug|Any CPU
		{5905DC96-483B-4C9E-B3BC-3124C476B05B}.Debug|Any CPU.Build.0 = Debug|Any CPU
		{5905DC96-483B-4C9E-B3BC-3124C476B05B}.Debug|x64.ActiveCfg = Debug|Any CPU
		{5905DC96-483B-4C9E-B3BC-3124C476B05B}.Debug|x64.Build.0 = Debug|Any CPU
		{5905DC96-483B-4C9E-B3BC-3124C476B05B}.Debug|x86.ActiveCfg = Debug|Any CPU
		{5905DC96-483B-4C9E-B3BC-3124C476B05B}.Debug|x86.Build.0 = Debug|Any CPU
		{5905DC96-483B-4C9E-B3BC-3124C476B05B}.Release|Any CPU.ActiveCfg = Release|Any CPU
		{5905DC96-483B-4C9E-B3BC-3124C476B05B}.Release|Any CPU.Build.0 = Release|Any CPU
		{5905DC96-483B-4C9E-B3BC-3124C476B05B}.Release|x64.ActiveCfg = Release|Any CPU
		{5905DC96-483B-4C9E-B3BC-3124C476B05B}.Release|x64.Build.0 = Release|Any CPU
		{5905DC96-483B-4C9E-B3BC-3124C476B05B}.Release|x86.ActiveCfg = Release|Any CPU
		{5905DC96-483B-4C9E-B3BC-3124C476B05B}.Release|x86.Build.0 = Release|Any CPU
		{2A12C11B-05BE-4BB4-8422-ABFF18669EBA}.Debug|Any CPU.ActiveCfg = Debug|Any CPU
		{2A12C11B-05BE-4BB4-8422-ABFF18669EBA}.Debug|Any CPU.Build.0 = Debug|Any CPU
		{2A12C11B-05BE-4BB4-8422-ABFF18669EBA}.Debug|x64.ActiveCfg = Debug|Any CPU
		{2A12C11B-05BE-4BB4-8422-ABFF18669EBA}.Debug|x64.Build.0 = Debug|Any CPU
		{2A12C11B-05BE-4BB4-8422-ABFF18669EBA}.Debug|x86.ActiveCfg = Debug|Any CPU
		{2A12C11B-05BE-4BB4-8422-ABFF18669EBA}.Debug|x86.Build.0 = Debug|Any CPU
		{2A12C11B-05BE-4BB4-8422-ABFF18669EBA}.Release|Any CPU.ActiveCfg = Release|Any CPU
		{2A12C11B-05BE-4BB4-8422-ABFF18669EBA}.Release|Any CPU.Build.0 = Release|Any CPU
		{2A12C11B-05BE-4BB4-8422-ABFF18669EBA}.Release|x64.ActiveCfg = Release|Any CPU
		{2A12C11B-05BE-4BB4-8422-ABFF18669EBA}.Release|x64.Build.0 = Release|Any CPU
		{2A12C11B-05BE-4BB4-8422-ABFF18669EBA}.Release|x86.ActiveCfg = Release|Any CPU
		{2A12C11B-05BE-4BB4-8422-ABFF18669EBA}.Release|x86.Build.0 = Release|Any CPU
		{4C8819CA-DAAC-438B-B0FE-498DFC224B38}.Debug|Any CPU.ActiveCfg = Debug|Any CPU
		{4C8819CA-DAAC-438B-B0FE-498DFC224B38}.Debug|Any CPU.Build.0 = Debug|Any CPU
		{4C8819CA-DAAC-438B-B0FE-498DFC224B38}.Debug|x64.ActiveCfg = Debug|Any CPU
		{4C8819CA-DAAC-438B-B0FE-498DFC224B38}.Debug|x64.Build.0 = Debug|Any CPU
		{4C8819CA-DAAC-438B-B0FE-498DFC224B38}.Debug|x86.ActiveCfg = Debug|Any CPU
		{4C8819CA-DAAC-438B-B0FE-498DFC224B38}.Debug|x86.Build.0 = Debug|Any CPU
		{4C8819CA-DAAC-438B-B0FE-498DFC224B38}.Release|Any CPU.ActiveCfg = Release|Any CPU
		{4C8819CA-DAAC-438B-B0FE-498DFC224B38}.Release|Any CPU.Build.0 = Release|Any CPU
		{4C8819CA-DAAC-438B-B0FE-498DFC224B38}.Release|x64.ActiveCfg = Release|Any CPU
		{4C8819CA-DAAC-438B-B0FE-498DFC224B38}.Release|x64.Build.0 = Release|Any CPU
		{4C8819CA-DAAC-438B-B0FE-498DFC224B38}.Release|x86.ActiveCfg = Release|Any CPU
		{4C8819CA-DAAC-438B-B0FE-498DFC224B38}.Release|x86.Build.0 = Release|Any CPU
		{87689EA1-D1CA-4591-8347-5161AB7E807B}.Debug|Any CPU.ActiveCfg = Debug|Any CPU
		{87689EA1-D1CA-4591-8347-5161AB7E807B}.Debug|Any CPU.Build.0 = Debug|Any CPU
		{87689EA1-D1CA-4591-8347-5161AB7E807B}.Debug|x64.ActiveCfg = Debug|Any CPU
		{87689EA1-D1CA-4591-8347-5161AB7E807B}.Debug|x64.Build.0 = Debug|Any CPU
		{87689EA1-D1CA-4591-8347-5161AB7E807B}.Debug|x86.ActiveCfg = Debug|Any CPU
		{87689EA1-D1CA-4591-8347-5161AB7E807B}.Debug|x86.Build.0 = Debug|Any CPU
		{87689EA1-D1CA-4591-8347-5161AB7E807B}.Release|Any CPU.ActiveCfg = Release|Any CPU
		{87689EA1-D1CA-4591-8347-5161AB7E807B}.Release|Any CPU.Build.0 = Release|Any CPU
		{87689EA1-D1CA-4591-8347-5161AB7E807B}.Release|x64.ActiveCfg = Release|Any CPU
		{87689EA1-D1CA-4591-8347-5161AB7E807B}.Release|x64.Build.0 = Release|Any CPU
		{87689EA1-D1CA-4591-8347-5161AB7E807B}.Release|x86.ActiveCfg = Release|Any CPU
		{87689EA1-D1CA-4591-8347-5161AB7E807B}.Release|x86.Build.0 = Release|Any CPU
	EndGlobalSection
	GlobalSection(NestedProjects) = preSolution
		{B1E9B580-2DDC-455B-A2AC-A19B5A5873F4} = {E3117374-49FA-484F-A3E9-91F4D7F38EE6}
		{052221F9-3378-409E-815C-ED3148BDA6F9} = {7103EDF8-E94C-4761-B1C6-4F30D4F039EB}
		{0866AC8D-20FC-4F1D-87F0-C092163B683D} = {7103EDF8-E94C-4761-B1C6-4F30D4F039EB}
		{5905DC96-483B-4C9E-B3BC-3124C476B05B} = {153B4189-0DE2-4ED4-8F98-9FF3623B8C80}
		{2A12C11B-05BE-4BB4-8422-ABFF18669EBA} = {4620894B-D28B-4D8D-9EE0-03D11E3FB619}
		{4C8819CA-DAAC-438B-B0FE-498DFC224B38} = {3C643F21-48CD-4B9C-B3EC-ABB9283EEFFE}
		{87689EA1-D1CA-4591-8347-5161AB7E807B} = {3C643F21-48CD-4B9C-B3EC-ABB9283EEFFE}
	EndGlobalSection
EndGlobal
