
Microsoft Visual Studio Solution File, Format Version 12.00
# Visual Studio 15
VisualStudioVersion = 15.0.26124.0
MinimumVisualStudioVersion = 15.0.26124.0
Project("{2150E333-8FDC-42A3-9474-1A3956D46DE8}") = "1 - Services", "1 - Services", "{A3198B88-106A-40C9-80D6-3C472183C096}"
EndProject
Project("{FAE04EC0-301F-11D3-BF4B-00C04F79EFBC}") = "ExampleUsersDDD.Service.API", "src\Services\ExampleUsersDDD.Service.API\ExampleUsersDDD.Service.API.csproj", "{FF3CDA99-5883-495B-8872-E1EB10DB524D}"
EndProject
Project("{FAE04EC0-301F-11D3-BF4B-00C04F79EFBC}") = "ExampleUsersDDD.Service.gRPC", "src\Services\ExampleUsersDDD.Service.gRPC\ExampleUsersDDD.Service.gRPC.csproj", "{33D01545-A98A-4E7F-A602-7863D09E453B}"
EndProject
Project("{2150E333-8FDC-42A3-9474-1A3956D46DE8}") = "2 - Application", "2 - Application", "{F5229E0B-F50B-4411-94C4-DEE8654256E6}"
EndProject
Project("{FAE04EC0-301F-11D3-BF4B-00C04F79EFBC}") = "ExampleUsersDDD.Application", "src\Application\ExampleUsersDDD.Application\ExampleUsersDDD.Application.csproj", "{4947DB44-B962-4FA1-818F-70B2798E8DF7}"
EndProject
Project("{2150E333-8FDC-42A3-9474-1A3956D46DE8}") = "3 - Domain", "3 - Domain", "{C2A59694-E5D8-4FEB-92AC-4A95CEF2FD64}"
EndProject
Project("{FAE04EC0-301F-11D3-BF4B-00C04F79EFBC}") = "ExampleUsersDDD.Domain", "src\Domain\ExampleUsersDDD.Domain\ExampleUsersDDD.Domain.csproj", "{81075058-B755-4FEB-BD8C-447B9D6C103C}"
EndProject
Project("{2150E333-8FDC-42A3-9474-1A3956D46DE8}") = "4 - Infra", "4 - Infra", "{B728666C-20F5-4212-853B-907077FEFB2C}"
EndProject
Project("{FAE04EC0-301F-11D3-BF4B-00C04F79EFBC}") = "ExampleUsersDDD.Infra.Data", "src\Infra\ExampleUsersDDD.Infra.Data\ExampleUsersDDD.Infra.Data.csproj", "{D877A0C1-E65F-40D4-84CF-E7A16D6B16B5}"
EndProject
Project("{FAE04EC0-301F-11D3-BF4B-00C04F79EFBC}") = "ExampleUsersDDD.Infra.Cache", "src\Infra\ExampleUsersDDD.Infra.Cache\ExampleUsersDDD.Infra.Cache.csproj", "{43C3FADF-46E0-4D4C-A183-7A9915D484C4}"
EndProject
Project("{FAE04EC0-301F-11D3-BF4B-00C04F79EFBC}") = "ExampleUsersDDD.Infra.CrossCutting", "src\Infra\ExampleUsersDDD.Infra.CrossCutting\ExampleUsersDDD.Infra.CrossCutting.csproj", "{6AF3BF4C-B9DD-4341-B4AB-BDF6C92E83E0}"
EndProject
Global
	GlobalSection(SolutionConfigurationPlatforms) = preSolution
		Debug|Any CPU = Debug|Any CPU
		Debug|x64 = Debug|x64
		Debug|x86 = Debug|x86
		Release|Any CPU = Release|Any CPU
		Release|x64 = Release|x64
		Release|x86 = Release|x86
	EndGlobalSection
	GlobalSection(SolutionProperties) = preSolution
		HideSolutionNode = FALSE
	EndGlobalSection
	GlobalSection(ProjectConfigurationPlatforms) = postSolution
		{FF3CDA99-5883-495B-8872-E1EB10DB524D}.Debug|Any CPU.ActiveCfg = Debug|Any CPU
		{FF3CDA99-5883-495B-8872-E1EB10DB524D}.Debug|Any CPU.Build.0 = Debug|Any CPU
		{FF3CDA99-5883-495B-8872-E1EB10DB524D}.Debug|x64.ActiveCfg = Debug|Any CPU
		{FF3CDA99-5883-495B-8872-E1EB10DB524D}.Debug|x64.Build.0 = Debug|Any CPU
		{FF3CDA99-5883-495B-8872-E1EB10DB524D}.Debug|x86.ActiveCfg = Debug|Any CPU
		{FF3CDA99-5883-495B-8872-E1EB10DB524D}.Debug|x86.Build.0 = Debug|Any CPU
		{FF3CDA99-5883-495B-8872-E1EB10DB524D}.Release|Any CPU.ActiveCfg = Release|Any CPU
		{FF3CDA99-5883-495B-8872-E1EB10DB524D}.Release|Any CPU.Build.0 = Release|Any CPU
		{FF3CDA99-5883-495B-8872-E1EB10DB524D}.Release|x64.ActiveCfg = Release|Any CPU
		{FF3CDA99-5883-495B-8872-E1EB10DB524D}.Release|x64.Build.0 = Release|Any CPU
		{FF3CDA99-5883-495B-8872-E1EB10DB524D}.Release|x86.ActiveCfg = Release|Any CPU
		{FF3CDA99-5883-495B-8872-E1EB10DB524D}.Release|x86.Build.0 = Release|Any CPU
		{33D01545-A98A-4E7F-A602-7863D09E453B}.Debug|Any CPU.ActiveCfg = Debug|Any CPU
		{33D01545-A98A-4E7F-A602-7863D09E453B}.Debug|Any CPU.Build.0 = Debug|Any CPU
		{33D01545-A98A-4E7F-A602-7863D09E453B}.Debug|x64.ActiveCfg = Debug|Any CPU
		{33D01545-A98A-4E7F-A602-7863D09E453B}.Debug|x64.Build.0 = Debug|Any CPU
		{33D01545-A98A-4E7F-A602-7863D09E453B}.Debug|x86.ActiveCfg = Debug|Any CPU
		{33D01545-A98A-4E7F-A602-7863D09E453B}.Debug|x86.Build.0 = Debug|Any CPU
		{33D01545-A98A-4E7F-A602-7863D09E453B}.Release|Any CPU.ActiveCfg = Release|Any CPU
		{33D01545-A98A-4E7F-A602-7863D09E453B}.Release|Any CPU.Build.0 = Release|Any CPU
		{33D01545-A98A-4E7F-A602-7863D09E453B}.Release|x64.ActiveCfg = Release|Any CPU
		{33D01545-A98A-4E7F-A602-7863D09E453B}.Release|x64.Build.0 = Release|Any CPU
		{33D01545-A98A-4E7F-A602-7863D09E453B}.Release|x86.ActiveCfg = Release|Any CPU
		{33D01545-A98A-4E7F-A602-7863D09E453B}.Release|x86.Build.0 = Release|Any CPU
		{4947DB44-B962-4FA1-818F-70B2798E8DF7}.Debug|Any CPU.ActiveCfg = Debug|Any CPU
		{4947DB44-B962-4FA1-818F-70B2798E8DF7}.Debug|Any CPU.Build.0 = Debug|Any CPU
		{4947DB44-B962-4FA1-818F-70B2798E8DF7}.Debug|x64.ActiveCfg = Debug|Any CPU
		{4947DB44-B962-4FA1-818F-70B2798E8DF7}.Debug|x64.Build.0 = Debug|Any CPU
		{4947DB44-B962-4FA1-818F-70B2798E8DF7}.Debug|x86.ActiveCfg = Debug|Any CPU
		{4947DB44-B962-4FA1-818F-70B2798E8DF7}.Debug|x86.Build.0 = Debug|Any CPU
		{4947DB44-B962-4FA1-818F-70B2798E8DF7}.Release|Any CPU.ActiveCfg = Release|Any CPU
		{4947DB44-B962-4FA1-818F-70B2798E8DF7}.Release|Any CPU.Build.0 = Release|Any CPU
		{4947DB44-B962-4FA1-818F-70B2798E8DF7}.Release|x64.ActiveCfg = Release|Any CPU
		{4947DB44-B962-4FA1-818F-70B2798E8DF7}.Release|x64.Build.0 = Release|Any CPU
		{4947DB44-B962-4FA1-818F-70B2798E8DF7}.Release|x86.ActiveCfg = Release|Any CPU
		{4947DB44-B962-4FA1-818F-70B2798E8DF7}.Release|x86.Build.0 = Release|Any CPU
		{81075058-B755-4FEB-BD8C-447B9D6C103C}.Debug|Any CPU.ActiveCfg = Debug|Any CPU
		{81075058-B755-4FEB-BD8C-447B9D6C103C}.Debug|Any CPU.Build.0 = Debug|Any CPU
		{81075058-B755-4FEB-BD8C-447B9D6C103C}.Debug|x64.ActiveCfg = Debug|Any CPU
		{81075058-B755-4FEB-BD8C-447B9D6C103C}.Debug|x64.Build.0 = Debug|Any CPU
		{81075058-B755-4FEB-BD8C-447B9D6C103C}.Debug|x86.ActiveCfg = Debug|Any CPU
		{81075058-B755-4FEB-BD8C-447B9D6C103C}.Debug|x86.Build.0 = Debug|Any CPU
		{81075058-B755-4FEB-BD8C-447B9D6C103C}.Release|Any CPU.ActiveCfg = Release|Any CPU
		{81075058-B755-4FEB-BD8C-447B9D6C103C}.Release|Any CPU.Build.0 = Release|Any CPU
		{81075058-B755-4FEB-BD8C-447B9D6C103C}.Release|x64.ActiveCfg = Release|Any CPU
		{81075058-B755-4FEB-BD8C-447B9D6C103C}.Release|x64.Build.0 = Release|Any CPU
		{81075058-B755-4FEB-BD8C-447B9D6C103C}.Release|x86.ActiveCfg = Release|Any CPU
		{81075058-B755-4FEB-BD8C-447B9D6C103C}.Release|x86.Build.0 = Release|Any CPU
		{D877A0C1-E65F-40D4-84CF-E7A16D6B16B5}.Debug|Any CPU.ActiveCfg = Debug|Any CPU
		{D877A0C1-E65F-40D4-84CF-E7A16D6B16B5}.Debug|Any CPU.Build.0 = Debug|Any CPU
		{D877A0C1-E65F-40D4-84CF-E7A16D6B16B5}.Debug|x64.ActiveCfg = Debug|Any CPU
		{D877A0C1-E65F-40D4-84CF-E7A16D6B16B5}.Debug|x64.Build.0 = Debug|Any CPU
		{D877A0C1-E65F-40D4-84CF-E7A16D6B16B5}.Debug|x86.ActiveCfg = Debug|Any CPU
		{D877A0C1-E65F-40D4-84CF-E7A16D6B16B5}.Debug|x86.Build.0 = Debug|Any CPU
		{D877A0C1-E65F-40D4-84CF-E7A16D6B16B5}.Release|Any CPU.ActiveCfg = Release|Any CPU
		{D877A0C1-E65F-40D4-84CF-E7A16D6B16B5}.Release|Any CPU.Build.0 = Release|Any CPU
		{D877A0C1-E65F-40D4-84CF-E7A16D6B16B5}.Release|x64.ActiveCfg = Release|Any CPU
		{D877A0C1-E65F-40D4-84CF-E7A16D6B16B5}.Release|x64.Build.0 = Release|Any CPU
		{D877A0C1-E65F-40D4-84CF-E7A16D6B16B5}.Release|x86.ActiveCfg = Release|Any CPU
		{D877A0C1-E65F-40D4-84CF-E7A16D6B16B5}.Release|x86.Build.0 = Release|Any CPU
		{43C3FADF-46E0-4D4C-A183-7A9915D484C4}.Debug|Any CPU.ActiveCfg = Debug|Any CPU
		{43C3FADF-46E0-4D4C-A183-7A9915D484C4}.Debug|Any CPU.Build.0 = Debug|Any CPU
		{43C3FADF-46E0-4D4C-A183-7A9915D484C4}.Debug|x64.ActiveCfg = Debug|Any CPU
		{43C3FADF-46E0-4D4C-A183-7A9915D484C4}.Debug|x64.Build.0 = Debug|Any CPU
		{43C3FADF-46E0-4D4C-A183-7A9915D484C4}.Debug|x86.ActiveCfg = Debug|Any CPU
		{43C3FADF-46E0-4D4C-A183-7A9915D484C4}.Debug|x86.Build.0 = Debug|Any CPU
		{43C3FADF-46E0-4D4C-A183-7A9915D484C4}.Release|Any CPU.ActiveCfg = Release|Any CPU
		{43C3FADF-46E0-4D4C-A183-7A9915D484C4}.Release|Any CPU.Build.0 = Release|Any CPU
		{43C3FADF-46E0-4D4C-A183-7A9915D484C4}.Release|x64.ActiveCfg = Release|Any CPU
		{43C3FADF-46E0-4D4C-A183-7A9915D484C4}.Release|x64.Build.0 = Release|Any CPU
		{43C3FADF-46E0-4D4C-A183-7A9915D484C4}.Release|x86.ActiveCfg = Release|Any CPU
		{43C3FADF-46E0-4D4C-A183-7A9915D484C4}.Release|x86.Build.0 = Release|Any CPU
		{6AF3BF4C-B9DD-4341-B4AB-BDF6C92E83E0}.Debug|Any CPU.ActiveCfg = Debug|Any CPU
		{6AF3BF4C-B9DD-4341-B4AB-BDF6C92E83E0}.Debug|Any CPU.Build.0 = Debug|Any CPU
		{6AF3BF4C-B9DD-4341-B4AB-BDF6C92E83E0}.Debug|x64.ActiveCfg = Debug|Any CPU
		{6AF3BF4C-B9DD-4341-B4AB-BDF6C92E83E0}.Debug|x64.Build.0 = Debug|Any CPU
		{6AF3BF4C-B9DD-4341-B4AB-BDF6C92E83E0}.Debug|x86.ActiveCfg = Debug|Any CPU
		{6AF3BF4C-B9DD-4341-B4AB-BDF6C92E83E0}.Debug|x86.Build.0 = Debug|Any CPU
		{6AF3BF4C-B9DD-4341-B4AB-BDF6C92E83E0}.Release|Any CPU.ActiveCfg = Release|Any CPU
		{6AF3BF4C-B9DD-4341-B4AB-BDF6C92E83E0}.Release|Any CPU.Build.0 = Release|Any CPU
		{6AF3BF4C-B9DD-4341-B4AB-BDF6C92E83E0}.Release|x64.ActiveCfg = Release|Any CPU
		{6AF3BF4C-B9DD-4341-B4AB-BDF6C92E83E0}.Release|x64.Build.0 = Release|Any CPU
		{6AF3BF4C-B9DD-4341-B4AB-BDF6C92E83E0}.Release|x86.ActiveCfg = Release|Any CPU
		{6AF3BF4C-B9DD-4341-B4AB-BDF6C92E83E0}.Release|x86.Build.0 = Release|Any CPU
	EndGlobalSection
	GlobalSection(NestedProjects) = preSolution
		{FF3CDA99-5883-495B-8872-E1EB10DB524D} = {A3198B88-106A-40C9-80D6-3C472183C096}
		{33D01545-A98A-4E7F-A602-7863D09E453B} = {A3198B88-106A-40C9-80D6-3C472183C096}
		{4947DB44-B962-4FA1-818F-70B2798E8DF7} = {F5229E0B-F50B-4411-94C4-DEE8654256E6}
		{81075058-B755-4FEB-BD8C-447B9D6C103C} = {C2A59694-E5D8-4FEB-92AC-4A95CEF2FD64}
		{D877A0C1-E65F-40D4-84CF-E7A16D6B16B5} = {B728666C-20F5-4212-853B-907077FEFB2C}
		{43C3FADF-46E0-4D4C-A183-7A9915D484C4} = {B728666C-20F5-4212-853B-907077FEFB2C}
		{6AF3BF4C-B9DD-4341-B4AB-BDF6C92E83E0} = {B728666C-20F5-4212-853B-907077FEFB2C}
	EndGlobalSection
EndGlobal
