
Microsoft Visual Studio Solution File, Format Version 12.00
# Visual Studio 15
VisualStudioVersion = 15.0.26124.0
MinimumVisualStudioVersion = 15.0.26124.0
Project("{2150E333-8FDC-42A3-9474-1A3956D46DE8}") = "src", "src", "{B043AA72-3743-405D-B192-BE76865E71C3}"
EndProject
Project("{2150E333-8FDC-42A3-9474-1A3956D46DE8}") = "Services", "Services", "{010D2C33-27C2-4B62-B79E-06B88493122B}"
EndProject
Project("{FAE04EC0-301F-11D3-BF4B-00C04F79EFBC}") = "ExampleUsersDDD.Service.API", "src\Services\ExampleUsersDDD.Service.API\ExampleUsersDDD.Service.API.csproj", "{F2983CAD-14FF-42C4-8747-C74B5B3728B5}"
EndProject
Project("{FAE04EC0-301F-11D3-BF4B-00C04F79EFBC}") = "ExampleUsersDDD.Service.gRPC", "src\Services\ExampleUsersDDD.Service.gRPC\ExampleUsersDDD.Service.gRPC.csproj", "{CFE1AAA1-0358-4651-9C3D-45E4E971A33C}"
EndProject
Project("{2150E333-8FDC-42A3-9474-1A3956D46DE8}") = "Application", "Application", "{5F108C4C-5C9E-4780-AF40-CC69AE5E6D97}"
EndProject
Project("{FAE04EC0-301F-11D3-BF4B-00C04F79EFBC}") = "ExampleUsersDDD.Application", "src\Application\ExampleUsersDDD.Application\ExampleUsersDDD.Application.csproj", "{ABB97C55-B99F-46D3-BE8F-EE63CA3C3E15}"
EndProject
Project("{2150E333-8FDC-42A3-9474-1A3956D46DE8}") = "Domain", "Domain", "{37972ACF-5FEE-447C-A69C-5A6B876F9E79}"
EndProject
Project("{FAE04EC0-301F-11D3-BF4B-00C04F79EFBC}") = "ExampleUsersDDD.Domain", "src\Domain\ExampleUsersDDD.Domain\ExampleUsersDDD.Domain.csproj", "{79D1263C-9584-4F04-AFC5-73893C18D3B4}"
EndProject
Project("{2150E333-8FDC-42A3-9474-1A3956D46DE8}") = "Infra", "Infra", "{C2231681-0D40-40B4-9835-72C5AB3D589A}"
EndProject
Project("{FAE04EC0-301F-11D3-BF4B-00C04F79EFBC}") = "ExampleUsersDDD.Infra.Data", "src\Infra\ExampleUsersDDD.Infra.Data\ExampleUsersDDD.Infra.Data.csproj", "{94B6EF11-2D40-4C88-8C85-2FC2FC518036}"
EndProject
Project("{FAE04EC0-301F-11D3-BF4B-00C04F79EFBC}") = "ExampleUsersDDD.Infra.Cache", "src\Infra\ExampleUsersDDD.Infra.Cache\ExampleUsersDDD.Infra.Cache.csproj", "{633134EC-6E45-4633-9150-5DECB20E6CFA}"
EndProject
Project("{FAE04EC0-301F-11D3-BF4B-00C04F79EFBC}") = "ExampleUsersDDD.Infra.CrossCutting", "src\Infra\ExampleUsersDDD.Infra.CrossCutting\ExampleUsersDDD.Infra.CrossCutting.csproj", "{E5036F67-5CEA-42D4-8DF8-0FB7864AA3DD}"
EndProject
Global
	GlobalSection(SolutionConfigurationPlatforms) = preSolution
		Debug|Any CPU = Debug|Any CPU
		Debug|x64 = Debug|x64
		Debug|x86 = Debug|x86
		Release|Any CPU = Release|Any CPU
		Release|x64 = Release|x64
		Release|x86 = Release|x86
	EndGlobalSection
	GlobalSection(SolutionProperties) = preSolution
		HideSolutionNode = FALSE
	EndGlobalSection
	GlobalSection(ProjectConfigurationPlatforms) = postSolution
		{F2983CAD-14FF-42C4-8747-C74B5B3728B5}.Debug|Any CPU.ActiveCfg = Debug|Any CPU
		{F2983CAD-14FF-42C4-8747-C74B5B3728B5}.Debug|Any CPU.Build.0 = Debug|Any CPU
		{F2983CAD-14FF-42C4-8747-C74B5B3728B5}.Debug|x64.ActiveCfg = Debug|Any CPU
		{F2983CAD-14FF-42C4-8747-C74B5B3728B5}.Debug|x64.Build.0 = Debug|Any CPU
		{F2983CAD-14FF-42C4-8747-C74B5B3728B5}.Debug|x86.ActiveCfg = Debug|Any CPU
		{F2983CAD-14FF-42C4-8747-C74B5B3728B5}.Debug|x86.Build.0 = Debug|Any CPU
		{F2983CAD-14FF-42C4-8747-C74B5B3728B5}.Release|Any CPU.ActiveCfg = Release|Any CPU
		{F2983CAD-14FF-42C4-8747-C74B5B3728B5}.Release|Any CPU.Build.0 = Release|Any CPU
		{F2983CAD-14FF-42C4-8747-C74B5B3728B5}.Release|x64.ActiveCfg = Release|Any CPU
		{F2983CAD-14FF-42C4-8747-C74B5B3728B5}.Release|x64.Build.0 = Release|Any CPU
		{F2983CAD-14FF-42C4-8747-C74B5B3728B5}.Release|x86.ActiveCfg = Release|Any CPU
		{F2983CAD-14FF-42C4-8747-C74B5B3728B5}.Release|x86.Build.0 = Release|Any CPU
		{CFE1AAA1-0358-4651-9C3D-45E4E971A33C}.Debug|Any CPU.ActiveCfg = Debug|Any CPU
		{CFE1AAA1-0358-4651-9C3D-45E4E971A33C}.Debug|Any CPU.Build.0 = Debug|Any CPU
		{CFE1AAA1-0358-4651-9C3D-45E4E971A33C}.Debug|x64.ActiveCfg = Debug|Any CPU
		{CFE1AAA1-0358-4651-9C3D-45E4E971A33C}.Debug|x64.Build.0 = Debug|Any CPU
		{CFE1AAA1-0358-4651-9C3D-45E4E971A33C}.Debug|x86.ActiveCfg = Debug|Any CPU
		{CFE1AAA1-0358-4651-9C3D-45E4E971A33C}.Debug|x86.Build.0 = Debug|Any CPU
		{CFE1AAA1-0358-4651-9C3D-45E4E971A33C}.Release|Any CPU.ActiveCfg = Release|Any CPU
		{CFE1AAA1-0358-4651-9C3D-45E4E971A33C}.Release|Any CPU.Build.0 = Release|Any CPU
		{CFE1AAA1-0358-4651-9C3D-45E4E971A33C}.Release|x64.ActiveCfg = Release|Any CPU
		{CFE1AAA1-0358-4651-9C3D-45E4E971A33C}.Release|x64.Build.0 = Release|Any CPU
		{CFE1AAA1-0358-4651-9C3D-45E4E971A33C}.Release|x86.ActiveCfg = Release|Any CPU
		{CFE1AAA1-0358-4651-9C3D-45E4E971A33C}.Release|x86.Build.0 = Release|Any CPU
		{ABB97C55-B99F-46D3-BE8F-EE63CA3C3E15}.Debug|Any CPU.ActiveCfg = Debug|Any CPU
		{ABB97C55-B99F-46D3-BE8F-EE63CA3C3E15}.Debug|Any CPU.Build.0 = Debug|Any CPU
		{ABB97C55-B99F-46D3-BE8F-EE63CA3C3E15}.Debug|x64.ActiveCfg = Debug|Any CPU
		{ABB97C55-B99F-46D3-BE8F-EE63CA3C3E15}.Debug|x64.Build.0 = Debug|Any CPU
		{ABB97C55-B99F-46D3-BE8F-EE63CA3C3E15}.Debug|x86.ActiveCfg = Debug|Any CPU
		{ABB97C55-B99F-46D3-BE8F-EE63CA3C3E15}.Debug|x86.Build.0 = Debug|Any CPU
		{ABB97C55-B99F-46D3-BE8F-EE63CA3C3E15}.Release|Any CPU.ActiveCfg = Release|Any CPU
		{ABB97C55-B99F-46D3-BE8F-EE63CA3C3E15}.Release|Any CPU.Build.0 = Release|Any CPU
		{ABB97C55-B99F-46D3-BE8F-EE63CA3C3E15}.Release|x64.ActiveCfg = Release|Any CPU
		{ABB97C55-B99F-46D3-BE8F-EE63CA3C3E15}.Release|x64.Build.0 = Release|Any CPU
		{ABB97C55-B99F-46D3-BE8F-EE63CA3C3E15}.Release|x86.ActiveCfg = Release|Any CPU
		{ABB97C55-B99F-46D3-BE8F-EE63CA3C3E15}.Release|x86.Build.0 = Release|Any CPU
		{79D1263C-9584-4F04-AFC5-73893C18D3B4}.Debug|Any CPU.ActiveCfg = Debug|Any CPU
		{79D1263C-9584-4F04-AFC5-73893C18D3B4}.Debug|Any CPU.Build.0 = Debug|Any CPU
		{79D1263C-9584-4F04-AFC5-73893C18D3B4}.Debug|x64.ActiveCfg = Debug|Any CPU
		{79D1263C-9584-4F04-AFC5-73893C18D3B4}.Debug|x64.Build.0 = Debug|Any CPU
		{79D1263C-9584-4F04-AFC5-73893C18D3B4}.Debug|x86.ActiveCfg = Debug|Any CPU
		{79D1263C-9584-4F04-AFC5-73893C18D3B4}.Debug|x86.Build.0 = Debug|Any CPU
		{79D1263C-9584-4F04-AFC5-73893C18D3B4}.Release|Any CPU.ActiveCfg = Release|Any CPU
		{79D1263C-9584-4F04-AFC5-73893C18D3B4}.Release|Any CPU.Build.0 = Release|Any CPU
		{79D1263C-9584-4F04-AFC5-73893C18D3B4}.Release|x64.ActiveCfg = Release|Any CPU
		{79D1263C-9584-4F04-AFC5-73893C18D3B4}.Release|x64.Build.0 = Release|Any CPU
		{79D1263C-9584-4F04-AFC5-73893C18D3B4}.Release|x86.ActiveCfg = Release|Any CPU
		{79D1263C-9584-4F04-AFC5-73893C18D3B4}.Release|x86.Build.0 = Release|Any CPU
		{94B6EF11-2D40-4C88-8C85-2FC2FC518036}.Debug|Any CPU.ActiveCfg = Debug|Any CPU
		{94B6EF11-2D40-4C88-8C85-2FC2FC518036}.Debug|Any CPU.Build.0 = Debug|Any CPU
		{94B6EF11-2D40-4C88-8C85-2FC2FC518036}.Debug|x64.ActiveCfg = Debug|Any CPU
		{94B6EF11-2D40-4C88-8C85-2FC2FC518036}.Debug|x64.Build.0 = Debug|Any CPU
		{94B6EF11-2D40-4C88-8C85-2FC2FC518036}.Debug|x86.ActiveCfg = Debug|Any CPU
		{94B6EF11-2D40-4C88-8C85-2FC2FC518036}.Debug|x86.Build.0 = Debug|Any CPU
		{94B6EF11-2D40-4C88-8C85-2FC2FC518036}.Release|Any CPU.ActiveCfg = Release|Any CPU
		{94B6EF11-2D40-4C88-8C85-2FC2FC518036}.Release|Any CPU.Build.0 = Release|Any CPU
		{94B6EF11-2D40-4C88-8C85-2FC2FC518036}.Release|x64.ActiveCfg = Release|Any CPU
		{94B6EF11-2D40-4C88-8C85-2FC2FC518036}.Release|x64.Build.0 = Release|Any CPU
		{94B6EF11-2D40-4C88-8C85-2FC2FC518036}.Release|x86.ActiveCfg = Release|Any CPU
		{94B6EF11-2D40-4C88-8C85-2FC2FC518036}.Release|x86.Build.0 = Release|Any CPU
		{633134EC-6E45-4633-9150-5DECB20E6CFA}.Debug|Any CPU.ActiveCfg = Debug|Any CPU
		{633134EC-6E45-4633-9150-5DECB20E6CFA}.Debug|Any CPU.Build.0 = Debug|Any CPU
		{633134EC-6E45-4633-9150-5DECB20E6CFA}.Debug|x64.ActiveCfg = Debug|Any CPU
		{633134EC-6E45-4633-9150-5DECB20E6CFA}.Debug|x64.Build.0 = Debug|Any CPU
		{633134EC-6E45-4633-9150-5DECB20E6CFA}.Debug|x86.ActiveCfg = Debug|Any CPU
		{633134EC-6E45-4633-9150-5DECB20E6CFA}.Debug|x86.Build.0 = Debug|Any CPU
		{633134EC-6E45-4633-9150-5DECB20E6CFA}.Release|Any CPU.ActiveCfg = Release|Any CPU
		{633134EC-6E45-4633-9150-5DECB20E6CFA}.Release|Any CPU.Build.0 = Release|Any CPU
		{633134EC-6E45-4633-9150-5DECB20E6CFA}.Release|x64.ActiveCfg = Release|Any CPU
		{633134EC-6E45-4633-9150-5DECB20E6CFA}.Release|x64.Build.0 = Release|Any CPU
		{633134EC-6E45-4633-9150-5DECB20E6CFA}.Release|x86.ActiveCfg = Release|Any CPU
		{633134EC-6E45-4633-9150-5DECB20E6CFA}.Release|x86.Build.0 = Release|Any CPU
		{E5036F67-5CEA-42D4-8DF8-0FB7864AA3DD}.Debug|Any CPU.ActiveCfg = Debug|Any CPU
		{E5036F67-5CEA-42D4-8DF8-0FB7864AA3DD}.Debug|Any CPU.Build.0 = Debug|Any CPU
		{E5036F67-5CEA-42D4-8DF8-0FB7864AA3DD}.Debug|x64.ActiveCfg = Debug|Any CPU
		{E5036F67-5CEA-42D4-8DF8-0FB7864AA3DD}.Debug|x64.Build.0 = Debug|Any CPU
		{E5036F67-5CEA-42D4-8DF8-0FB7864AA3DD}.Debug|x86.ActiveCfg = Debug|Any CPU
		{E5036F67-5CEA-42D4-8DF8-0FB7864AA3DD}.Debug|x86.Build.0 = Debug|Any CPU
		{E5036F67-5CEA-42D4-8DF8-0FB7864AA3DD}.Release|Any CPU.ActiveCfg = Release|Any CPU
		{E5036F67-5CEA-42D4-8DF8-0FB7864AA3DD}.Release|Any CPU.Build.0 = Release|Any CPU
		{E5036F67-5CEA-42D4-8DF8-0FB7864AA3DD}.Release|x64.ActiveCfg = Release|Any CPU
		{E5036F67-5CEA-42D4-8DF8-0FB7864AA3DD}.Release|x64.Build.0 = Release|Any CPU
		{E5036F67-5CEA-42D4-8DF8-0FB7864AA3DD}.Release|x86.ActiveCfg = Release|Any CPU
		{E5036F67-5CEA-42D4-8DF8-0FB7864AA3DD}.Release|x86.Build.0 = Release|Any CPU
	EndGlobalSection
	GlobalSection(NestedProjects) = preSolution
		{010D2C33-27C2-4B62-B79E-06B88493122B} = {B043AA72-3743-405D-B192-BE76865E71C3}
		{F2983CAD-14FF-42C4-8747-C74B5B3728B5} = {010D2C33-27C2-4B62-B79E-06B88493122B}
		{CFE1AAA1-0358-4651-9C3D-45E4E971A33C} = {010D2C33-27C2-4B62-B79E-06B88493122B}
		{5F108C4C-5C9E-4780-AF40-CC69AE5E6D97} = {B043AA72-3743-405D-B192-BE76865E71C3}
		{ABB97C55-B99F-46D3-BE8F-EE63CA3C3E15} = {5F108C4C-5C9E-4780-AF40-CC69AE5E6D97}
		{37972ACF-5FEE-447C-A69C-5A6B876F9E79} = {B043AA72-3743-405D-B192-BE76865E71C3}
		{79D1263C-9584-4F04-AFC5-73893C18D3B4} = {37972ACF-5FEE-447C-A69C-5A6B876F9E79}
		{C2231681-0D40-40B4-9835-72C5AB3D589A} = {B043AA72-3743-405D-B192-BE76865E71C3}
		{94B6EF11-2D40-4C88-8C85-2FC2FC518036} = {C2231681-0D40-40B4-9835-72C5AB3D589A}
		{633134EC-6E45-4633-9150-5DECB20E6CFA} = {C2231681-0D40-40B4-9835-72C5AB3D589A}
		{E5036F67-5CEA-42D4-8DF8-0FB7864AA3DD} = {C2231681-0D40-40B4-9835-72C5AB3D589A}
	EndGlobalSection
EndGlobal
