
Microsoft Visual Studio Solution File, Format Version 12.00
# Visual Studio 15
VisualStudioVersion = 15.0.26124.0
MinimumVisualStudioVersion = 15.0.26124.0
Project("{2150E333-8FDC-42A3-9474-1A3956D46DE8}") = "src", "src", "{C8A5D955-562A-4637-9F71-E8D6F67B1FB9}"
EndProject
Project("{2150E333-8FDC-42A3-9474-1A3956D46DE8}") = "Presentation", "Presentation", "{BA0D1602-0947-4B5F-82A5-ACB63C81723D}"
EndProject
Project("{FAE04EC0-301F-11D3-BF4B-00C04F79EFBC}") = "ExampleUsersDDD.UI.Web", "src\Presentation\ExampleUsersDDD.UI.Web\ExampleUsersDDD.UI.Web.csproj", "{74CF0068-7590-4F36-BE89-B7C3E3E3E722}"
EndProject
Project("{2150E333-8FDC-42A3-9474-1A3956D46DE8}") = "Services", "Services", "{0692B42C-EC5F-4569-809A-628691289329}"
EndProject
Project("{FAE04EC0-301F-11D3-BF4B-00C04F79EFBC}") = "ExampleUsersDDD.Service.API", "src\Services\ExampleUsersDDD.Service.API\ExampleUsersDDD.Service.API.csproj", "{F04EB2EB-6601-4C9D-A916-55447D070DFD}"
EndProject
Project("{FAE04EC0-301F-11D3-BF4B-00C04F79EFBC}") = "ExampleUsersDDD.Service.gRPC", "src\Services\ExampleUsersDDD.Service.gRPC\ExampleUsersDDD.Service.gRPC.csproj", "{E437405A-EDD3-4400-8707-140B83E22E6F}"
EndProject
Project("{2150E333-8FDC-42A3-9474-1A3956D46DE8}") = "Business", "Business", "{2F2B00F4-A4E1-4F8D-8993-E47AA91DA0C5}"
EndProject
Project("{FAE04EC0-301F-11D3-BF4B-00C04F79EFBC}") = "ExampleUsersDDD.Business", "src\Business\ExampleUsersDDD.Business\ExampleUsersDDD.Business.csproj", "{CB6526C8-2A66-4CDE-B3AE-C604F57D83F9}"
EndProject
Project("{2150E333-8FDC-42A3-9474-1A3956D46DE8}") = "Domain", "Domain", "{6A4DB443-ADD3-4A4B-9B06-9AEE53BB3B95}"
EndProject
Project("{FAE04EC0-301F-11D3-BF4B-00C04F79EFBC}") = "ExampleUsersDDD.Domain", "src\Domain\ExampleUsersDDD.Domain\ExampleUsersDDD.Domain.csproj", "{9FF01E91-B9C6-42D0-9DF7-7E6D12CB8427}"
EndProject
Project("{2150E333-8FDC-42A3-9474-1A3956D46DE8}") = "Infra", "Infra", "{6B3667CA-8E92-4F07-BD7D-ACBF31B74123}"
EndProject
Project("{FAE04EC0-301F-11D3-BF4B-00C04F79EFBC}") = "ExampleUsersDDD.Infra.Data", "src\Infra\ExampleUsersDDD.Infra.Data\ExampleUsersDDD.Infra.Data.csproj", "{76B70564-4681-4088-90F1-697F02EEDE51}"
EndProject
Project("{FAE04EC0-301F-11D3-BF4B-00C04F79EFBC}") = "ExampleUsersDDD.Infra.CrossCutting", "src\Infra\ExampleUsersDDD.Infra.CrossCutting\ExampleUsersDDD.Infra.CrossCutting.csproj", "{9445BFF2-F960-4E69-BECB-ADD2C0EAD31C}"
EndProject
Global
	GlobalSection(SolutionConfigurationPlatforms) = preSolution
		Debug|Any CPU = Debug|Any CPU
		Debug|x64 = Debug|x64
		Debug|x86 = Debug|x86
		Release|Any CPU = Release|Any CPU
		Release|x64 = Release|x64
		Release|x86 = Release|x86
	EndGlobalSection
	GlobalSection(SolutionProperties) = preSolution
		HideSolutionNode = FALSE
	EndGlobalSection
	GlobalSection(ProjectConfigurationPlatforms) = postSolution
		{74CF0068-7590-4F36-BE89-B7C3E3E3E722}.Debug|Any CPU.ActiveCfg = Debug|Any CPU
		{74CF0068-7590-4F36-BE89-B7C3E3E3E722}.Debug|Any CPU.Build.0 = Debug|Any CPU
		{74CF0068-7590-4F36-BE89-B7C3E3E3E722}.Debug|x64.ActiveCfg = Debug|Any CPU
		{74CF0068-7590-4F36-BE89-B7C3E3E3E722}.Debug|x64.Build.0 = Debug|Any CPU
		{74CF0068-7590-4F36-BE89-B7C3E3E3E722}.Debug|x86.ActiveCfg = Debug|Any CPU
		{74CF0068-7590-4F36-BE89-B7C3E3E3E722}.Debug|x86.Build.0 = Debug|Any CPU
		{74CF0068-7590-4F36-BE89-B7C3E3E3E722}.Release|Any CPU.ActiveCfg = Release|Any CPU
		{74CF0068-7590-4F36-BE89-B7C3E3E3E722}.Release|Any CPU.Build.0 = Release|Any CPU
		{74CF0068-7590-4F36-BE89-B7C3E3E3E722}.Release|x64.ActiveCfg = Release|Any CPU
		{74CF0068-7590-4F36-BE89-B7C3E3E3E722}.Release|x64.Build.0 = Release|Any CPU
		{74CF0068-7590-4F36-BE89-B7C3E3E3E722}.Release|x86.ActiveCfg = Release|Any CPU
		{74CF0068-7590-4F36-BE89-B7C3E3E3E722}.Release|x86.Build.0 = Release|Any CPU
		{F04EB2EB-6601-4C9D-A916-55447D070DFD}.Debug|Any CPU.ActiveCfg = Debug|Any CPU
		{F04EB2EB-6601-4C9D-A916-55447D070DFD}.Debug|Any CPU.Build.0 = Debug|Any CPU
		{F04EB2EB-6601-4C9D-A916-55447D070DFD}.Debug|x64.ActiveCfg = Debug|Any CPU
		{F04EB2EB-6601-4C9D-A916-55447D070DFD}.Debug|x64.Build.0 = Debug|Any CPU
		{F04EB2EB-6601-4C9D-A916-55447D070DFD}.Debug|x86.ActiveCfg = Debug|Any CPU
		{F04EB2EB-6601-4C9D-A916-55447D070DFD}.Debug|x86.Build.0 = Debug|Any CPU
		{F04EB2EB-6601-4C9D-A916-55447D070DFD}.Release|Any CPU.ActiveCfg = Release|Any CPU
		{F04EB2EB-6601-4C9D-A916-55447D070DFD}.Release|Any CPU.Build.0 = Release|Any CPU
		{F04EB2EB-6601-4C9D-A916-55447D070DFD}.Release|x64.ActiveCfg = Release|Any CPU
		{F04EB2EB-6601-4C9D-A916-55447D070DFD}.Release|x64.Build.0 = Release|Any CPU
		{F04EB2EB-6601-4C9D-A916-55447D070DFD}.Release|x86.ActiveCfg = Release|Any CPU
		{F04EB2EB-6601-4C9D-A916-55447D070DFD}.Release|x86.Build.0 = Release|Any CPU
		{E437405A-EDD3-4400-8707-140B83E22E6F}.Debug|Any CPU.ActiveCfg = Debug|Any CPU
		{E437405A-EDD3-4400-8707-140B83E22E6F}.Debug|Any CPU.Build.0 = Debug|Any CPU
		{E437405A-EDD3-4400-8707-140B83E22E6F}.Debug|x64.ActiveCfg = Debug|Any CPU
		{E437405A-EDD3-4400-8707-140B83E22E6F}.Debug|x64.Build.0 = Debug|Any CPU
		{E437405A-EDD3-4400-8707-140B83E22E6F}.Debug|x86.ActiveCfg = Debug|Any CPU
		{E437405A-EDD3-4400-8707-140B83E22E6F}.Debug|x86.Build.0 = Debug|Any CPU
		{E437405A-EDD3-4400-8707-140B83E22E6F}.Release|Any CPU.ActiveCfg = Release|Any CPU
		{E437405A-EDD3-4400-8707-140B83E22E6F}.Release|Any CPU.Build.0 = Release|Any CPU
		{E437405A-EDD3-4400-8707-140B83E22E6F}.Release|x64.ActiveCfg = Release|Any CPU
		{E437405A-EDD3-4400-8707-140B83E22E6F}.Release|x64.Build.0 = Release|Any CPU
		{E437405A-EDD3-4400-8707-140B83E22E6F}.Release|x86.ActiveCfg = Release|Any CPU
		{E437405A-EDD3-4400-8707-140B83E22E6F}.Release|x86.Build.0 = Release|Any CPU
		{CB6526C8-2A66-4CDE-B3AE-C604F57D83F9}.Debug|Any CPU.ActiveCfg = Debug|Any CPU
		{CB6526C8-2A66-4CDE-B3AE-C604F57D83F9}.Debug|Any CPU.Build.0 = Debug|Any CPU
		{CB6526C8-2A66-4CDE-B3AE-C604F57D83F9}.Debug|x64.ActiveCfg = Debug|Any CPU
		{CB6526C8-2A66-4CDE-B3AE-C604F57D83F9}.Debug|x64.Build.0 = Debug|Any CPU
		{CB6526C8-2A66-4CDE-B3AE-C604F57D83F9}.Debug|x86.ActiveCfg = Debug|Any CPU
		{CB6526C8-2A66-4CDE-B3AE-C604F57D83F9}.Debug|x86.Build.0 = Debug|Any CPU
		{CB6526C8-2A66-4CDE-B3AE-C604F57D83F9}.Release|Any CPU.ActiveCfg = Release|Any CPU
		{CB6526C8-2A66-4CDE-B3AE-C604F57D83F9}.Release|Any CPU.Build.0 = Release|Any CPU
		{CB6526C8-2A66-4CDE-B3AE-C604F57D83F9}.Release|x64.ActiveCfg = Release|Any CPU
		{CB6526C8-2A66-4CDE-B3AE-C604F57D83F9}.Release|x64.Build.0 = Release|Any CPU
		{CB6526C8-2A66-4CDE-B3AE-C604F57D83F9}.Release|x86.ActiveCfg = Release|Any CPU
		{CB6526C8-2A66-4CDE-B3AE-C604F57D83F9}.Release|x86.Build.0 = Release|Any CPU
		{9FF01E91-B9C6-42D0-9DF7-7E6D12CB8427}.Debug|Any CPU.ActiveCfg = Debug|Any CPU
		{9FF01E91-B9C6-42D0-9DF7-7E6D12CB8427}.Debug|Any CPU.Build.0 = Debug|Any CPU
		{9FF01E91-B9C6-42D0-9DF7-7E6D12CB8427}.Debug|x64.ActiveCfg = Debug|Any CPU
		{9FF01E91-B9C6-42D0-9DF7-7E6D12CB8427}.Debug|x64.Build.0 = Debug|Any CPU
		{9FF01E91-B9C6-42D0-9DF7-7E6D12CB8427}.Debug|x86.ActiveCfg = Debug|Any CPU
		{9FF01E91-B9C6-42D0-9DF7-7E6D12CB8427}.Debug|x86.Build.0 = Debug|Any CPU
		{9FF01E91-B9C6-42D0-9DF7-7E6D12CB8427}.Release|Any CPU.ActiveCfg = Release|Any CPU
		{9FF01E91-B9C6-42D0-9DF7-7E6D12CB8427}.Release|Any CPU.Build.0 = Release|Any CPU
		{9FF01E91-B9C6-42D0-9DF7-7E6D12CB8427}.Release|x64.ActiveCfg = Release|Any CPU
		{9FF01E91-B9C6-42D0-9DF7-7E6D12CB8427}.Release|x64.Build.0 = Release|Any CPU
		{9FF01E91-B9C6-42D0-9DF7-7E6D12CB8427}.Release|x86.ActiveCfg = Release|Any CPU
		{9FF01E91-B9C6-42D0-9DF7-7E6D12CB8427}.Release|x86.Build.0 = Release|Any CPU
		{76B70564-4681-4088-90F1-697F02EEDE51}.Debug|Any CPU.ActiveCfg = Debug|Any CPU
		{76B70564-4681-4088-90F1-697F02EEDE51}.Debug|Any CPU.Build.0 = Debug|Any CPU
		{76B70564-4681-4088-90F1-697F02EEDE51}.Debug|x64.ActiveCfg = Debug|Any CPU
		{76B70564-4681-4088-90F1-697F02EEDE51}.Debug|x64.Build.0 = Debug|Any CPU
		{76B70564-4681-4088-90F1-697F02EEDE51}.Debug|x86.ActiveCfg = Debug|Any CPU
		{76B70564-4681-4088-90F1-697F02EEDE51}.Debug|x86.Build.0 = Debug|Any CPU
		{76B70564-4681-4088-90F1-697F02EEDE51}.Release|Any CPU.ActiveCfg = Release|Any CPU
		{76B70564-4681-4088-90F1-697F02EEDE51}.Release|Any CPU.Build.0 = Release|Any CPU
		{76B70564-4681-4088-90F1-697F02EEDE51}.Release|x64.ActiveCfg = Release|Any CPU
		{76B70564-4681-4088-90F1-697F02EEDE51}.Release|x64.Build.0 = Release|Any CPU
		{76B70564-4681-4088-90F1-697F02EEDE51}.Release|x86.ActiveCfg = Release|Any CPU
		{76B70564-4681-4088-90F1-697F02EEDE51}.Release|x86.Build.0 = Release|Any CPU
		{9445BFF2-F960-4E69-BECB-ADD2C0EAD31C}.Debug|Any CPU.ActiveCfg = Debug|Any CPU
		{9445BFF2-F960-4E69-BECB-ADD2C0EAD31C}.Debug|Any CPU.Build.0 = Debug|Any CPU
		{9445BFF2-F960-4E69-BECB-ADD2C0EAD31C}.Debug|x64.ActiveCfg = Debug|Any CPU
		{9445BFF2-F960-4E69-BECB-ADD2C0EAD31C}.Debug|x64.Build.0 = Debug|Any CPU
		{9445BFF2-F960-4E69-BECB-ADD2C0EAD31C}.Debug|x86.ActiveCfg = Debug|Any CPU
		{9445BFF2-F960-4E69-BECB-ADD2C0EAD31C}.Debug|x86.Build.0 = Debug|Any CPU
		{9445BFF2-F960-4E69-BECB-ADD2C0EAD31C}.Release|Any CPU.ActiveCfg = Release|Any CPU
		{9445BFF2-F960-4E69-BECB-ADD2C0EAD31C}.Release|Any CPU.Build.0 = Release|Any CPU
		{9445BFF2-F960-4E69-BECB-ADD2C0EAD31C}.Release|x64.ActiveCfg = Release|Any CPU
		{9445BFF2-F960-4E69-BECB-ADD2C0EAD31C}.Release|x64.Build.0 = Release|Any CPU
		{9445BFF2-F960-4E69-BECB-ADD2C0EAD31C}.Release|x86.ActiveCfg = Release|Any CPU
		{9445BFF2-F960-4E69-BECB-ADD2C0EAD31C}.Release|x86.Build.0 = Release|Any CPU
	EndGlobalSection
	GlobalSection(NestedProjects) = preSolution
		{BA0D1602-0947-4B5F-82A5-ACB63C81723D} = {C8A5D955-562A-4637-9F71-E8D6F67B1FB9}
		{74CF0068-7590-4F36-BE89-B7C3E3E3E722} = {BA0D1602-0947-4B5F-82A5-ACB63C81723D}
		{0692B42C-EC5F-4569-809A-628691289329} = {C8A5D955-562A-4637-9F71-E8D6F67B1FB9}
		{F04EB2EB-6601-4C9D-A916-55447D070DFD} = {0692B42C-EC5F-4569-809A-628691289329}
		{E437405A-EDD3-4400-8707-140B83E22E6F} = {0692B42C-EC5F-4569-809A-628691289329}
		{2F2B00F4-A4E1-4F8D-8993-E47AA91DA0C5} = {C8A5D955-562A-4637-9F71-E8D6F67B1FB9}
		{CB6526C8-2A66-4CDE-B3AE-C604F57D83F9} = {2F2B00F4-A4E1-4F8D-8993-E47AA91DA0C5}
		{6A4DB443-ADD3-4A4B-9B06-9AEE53BB3B95} = {C8A5D955-562A-4637-9F71-E8D6F67B1FB9}
		{9FF01E91-B9C6-42D0-9DF7-7E6D12CB8427} = {6A4DB443-ADD3-4A4B-9B06-9AEE53BB3B95}
		{6B3667CA-8E92-4F07-BD7D-ACBF31B74123} = {C8A5D955-562A-4637-9F71-E8D6F67B1FB9}
		{76B70564-4681-4088-90F1-697F02EEDE51} = {6B3667CA-8E92-4F07-BD7D-ACBF31B74123}
		{9445BFF2-F960-4E69-BECB-ADD2C0EAD31C} = {6B3667CA-8E92-4F07-BD7D-ACBF31B74123}
	EndGlobalSection
EndGlobal
